
Microsoft Visual Studio Solution File, Format Version 12.00
# Visual Studio Version 17
VisualStudioVersion = 17.1.32210.238
MinimumVisualStudioVersion = 10.0.40219.1
Project("{2150E333-8FDC-42A3-9474-1A3956D46DE8}") = "Presentation", "Presentation", "{159D96A7-079A-46BA-9944-82EDD7077BCA}"
EndProject
Project("{2150E333-8FDC-42A3-9474-1A3956D46DE8}") = "Application", "Application", "{73E59094-4EF5-42E2-A3BF-0EE5546FE689}"
EndProject
Project("{2150E333-8FDC-42A3-9474-1A3956D46DE8}") = "Domain", "Domain", "{F5CD2A0E-BA51-44B4-A60D-03648A2FAA9D}"
EndProject
Project("{2150E333-8FDC-42A3-9474-1A3956D46DE8}") = "Infrastructure", "Infrastructure", "{F6F85EE3-A709-4063-B148-0B5F5ACB08A7}"
EndProject
Project("{2150E333-8FDC-42A3-9474-1A3956D46DE8}") = "Common", "Common", "{11DCC00C-1F72-4142-9799-A29F7EBE26B8}"
EndProject
Project("{2150E333-8FDC-42A3-9474-1A3956D46DE8}") = "Test", "Test", "{07D2EAC2-DF8B-4446-854C-FCE3506BFA6E}"
EndProject
Project("{9A19103F-16F7-4668-BE54-9A1E7A4F7556}") = "WebApi", "WebApi\WebApi.csproj", "{F79D2D34-EB42-403F-B175-3A01024EACD4}"
EndProject
Project("{9A19103F-16F7-4668-BE54-9A1E7A4F7556}") = "Domain", "Domain\Domain.csproj", "{9A17DF64-428E-48B5-B406-63547330B1D6}"
EndProject
Project("{9A19103F-16F7-4668-BE54-9A1E7A4F7556}") = "Data", "Data\Data.csproj", "{CD0A3507-1D8D-4061-B8AA-B9DE968B15E6}"
EndProject
Project("{9A19103F-16F7-4668-BE54-9A1E7A4F7556}") = "Models", "Models\Models.csproj", "{EC10B1C6-2629-4701-B1F9-8D73320E3E3F}"
EndProject
Project("{9A19103F-16F7-4668-BE54-9A1E7A4F7556}") = "Application", "Application\Application.csproj", "{E02E65AF-FC63-46FA-AEAC-FB7B5DFDFF10}"
EndProject
Project("{FAE04EC0-301F-11D3-BF4B-00C04F79EFBC}") = "Test", "Test\Test.csproj", "{0200B19D-4F89-4123-AEE4-A8D607A57B2A}"
EndProject
Global
	GlobalSection(SolutionConfigurationPlatforms) = preSolution
		Debug|Any CPU = Debug|Any CPU
		Release|Any CPU = Release|Any CPU
	EndGlobalSection
	GlobalSection(ProjectConfigurationPlatforms) = postSolution
		{F79D2D34-EB42-403F-B175-3A01024EACD4}.Debug|Any CPU.ActiveCfg = Debug|Any CPU
		{F79D2D34-EB42-403F-B175-3A01024EACD4}.Debug|Any CPU.Build.0 = Debug|Any CPU
		{F79D2D34-EB42-403F-B175-3A01024EACD4}.Release|Any CPU.ActiveCfg = Release|Any CPU
		{F79D2D34-EB42-403F-B175-3A01024EACD4}.Release|Any CPU.Build.0 = Release|Any CPU
		{9A17DF64-428E-48B5-B406-63547330B1D6}.Debug|Any CPU.ActiveCfg = Debug|Any CPU
		{9A17DF64-428E-48B5-B406-63547330B1D6}.Debug|Any CPU.Build.0 = Debug|Any CPU
		{9A17DF64-428E-48B5-B406-63547330B1D6}.Release|Any CPU.ActiveCfg = Release|Any CPU
		{9A17DF64-428E-48B5-B406-63547330B1D6}.Release|Any CPU.Build.0 = Release|Any CPU
		{CD0A3507-1D8D-4061-B8AA-B9DE968B15E6}.Debug|Any CPU.ActiveCfg = Debug|Any CPU
		{CD0A3507-1D8D-4061-B8AA-B9DE968B15E6}.Debug|Any CPU.Build.0 = Debug|Any CPU
		{CD0A3507-1D8D-4061-B8AA-B9DE968B15E6}.Release|Any CPU.ActiveCfg = Release|Any CPU
		{CD0A3507-1D8D-4061-B8AA-B9DE968B15E6}.Release|Any CPU.Build.0 = Release|Any CPU
		{EC10B1C6-2629-4701-B1F9-8D73320E3E3F}.Debug|Any CPU.ActiveCfg = Debug|Any CPU
		{EC10B1C6-2629-4701-B1F9-8D73320E3E3F}.Debug|Any CPU.Build.0 = Debug|Any CPU
		{EC10B1C6-2629-4701-B1F9-8D73320E3E3F}.Release|Any CPU.ActiveCfg = Release|Any CPU
		{EC10B1C6-2629-4701-B1F9-8D73320E3E3F}.Release|Any CPU.Build.0 = Release|Any CPU
		{E02E65AF-FC63-46FA-AEAC-FB7B5DFDFF10}.Debug|Any CPU.ActiveCfg = Debug|Any CPU
		{E02E65AF-FC63-46FA-AEAC-FB7B5DFDFF10}.Debug|Any CPU.Build.0 = Debug|Any CPU
		{E02E65AF-FC63-46FA-AEAC-FB7B5DFDFF10}.Release|Any CPU.ActiveCfg = Release|Any CPU
		{E02E65AF-FC63-46FA-AEAC-FB7B5DFDFF10}.Release|Any CPU.Build.0 = Release|Any CPU
		{0200B19D-4F89-4123-AEE4-A8D607A57B2A}.Debug|Any CPU.ActiveCfg = Debug|Any CPU
		{0200B19D-4F89-4123-AEE4-A8D607A57B2A}.Debug|Any CPU.Build.0 = Debug|Any CPU
		{0200B19D-4F89-4123-AEE4-A8D607A57B2A}.Release|Any CPU.ActiveCfg = Release|Any CPU
		{0200B19D-4F89-4123-AEE4-A8D607A57B2A}.Release|Any CPU.Build.0 = Release|Any CPU
	EndGlobalSection
	GlobalSection(SolutionProperties) = preSolution
		HideSolutionNode = FALSE
	EndGlobalSection
	GlobalSection(NestedProjects) = preSolution
		{F79D2D34-EB42-403F-B175-3A01024EACD4} = {159D96A7-079A-46BA-9944-82EDD7077BCA}
		{9A17DF64-428E-48B5-B406-63547330B1D6} = {F5CD2A0E-BA51-44B4-A60D-03648A2FAA9D}
		{CD0A3507-1D8D-4061-B8AA-B9DE968B15E6} = {F6F85EE3-A709-4063-B148-0B5F5ACB08A7}
		{EC10B1C6-2629-4701-B1F9-8D73320E3E3F} = {73E59094-4EF5-42E2-A3BF-0EE5546FE689}
		{E02E65AF-FC63-46FA-AEAC-FB7B5DFDFF10} = {73E59094-4EF5-42E2-A3BF-0EE5546FE689}
		{0200B19D-4F89-4123-AEE4-A8D607A57B2A} = {07D2EAC2-DF8B-4446-854C-FCE3506BFA6E}
	EndGlobalSection
	GlobalSection(ExtensibilityGlobals) = postSolution
		SolutionGuid = {C7D01303-B167-49B4-B892-AF3486F4CBFC}
	EndGlobalSection
EndGlobal
